{
  "version": 4,
  "terraform_version": "1.14.3",
  "serial": 50,
  "lineage": "f9b7541a-eae0-29fb-9adb-65bb53cb5623",
  "outputs": {},
  "resources": [
    {
      "mode": "managed",
      "type": "google_container_cluster",
      "name": "my-gke",
      "provider": "provider[\"registry.terraform.io/hashicorp/google\"]",
      "instances": [
        {
          "schema_version": 1,
          "attributes": {
            "addons_config": [
              {
                "cloudrun_config": [],
                "config_connector_config": [],
                "dns_cache_config": [],
                "gce_persistent_disk_csi_driver_config": [
                  {
                    "enabled": true
                  }
                ],
                "gcp_filestore_csi_driver_config": [],
                "gcs_fuse_csi_driver_config": [],
                "gke_backup_agent_config": [],
                "horizontal_pod_autoscaling": [],
                "http_load_balancing": [],
                "network_policy_config": [
                  {
                    "disabled": true
                  }
                ]
              }
            ],
            "allow_net_admin": null,
            "authenticator_groups_config": [],
            "binary_authorization": [
              {
                "enabled": false,
                "evaluation_mode": ""
              }
            ],
            "cluster_autoscaling": [
              {
                "auto_provisioning_defaults": [],
                "enabled": false,
                "resource_limits": []
              }
            ],
            "cluster_ipv4_cidr": "10.92.0.0/14",
            "confidential_nodes": [],
            "cost_management_config": [],
            "database_encryption": [
              {
                "key_name": "",
                "state": "DECRYPTED"
              }
            ],
            "datapath_provider": "",
            "default_max_pods_per_node": null,
            "default_snat_status": [
              {
                "disabled": false
              }
            ],
            "description": "",
            "dns_config": [],
            "enable_autopilot": false,
            "enable_binary_authorization": false,
            "enable_intranode_visibility": false,
            "enable_k8s_beta_apis": [],
            "enable_kubernetes_alpha": false,
            "enable_l4_ilb_subsetting": false,
            "enable_legacy_abac": false,
            "enable_shielded_nodes": true,
            "enable_tpu": false,
            "endpoint": "34.50.80.33",
            "gateway_api_config": [],
            "id": "projects/ahsys-480510/locations/asia-southeast2/clusters/ahsys-480510-gke",
            "initial_node_count": 1,
            "ip_allocation_policy": [],
            "label_fingerprint": "a9dc16a7",
            "location": "asia-southeast2",
            "logging_config": [
              {
                "enable_components": [
                  "SYSTEM_COMPONENTS",
                  "WORKLOADS"
                ]
              }
            ],
            "logging_service": "logging.googleapis.com/kubernetes",
            "maintenance_policy": [],
            "master_auth": [
              {
                "client_certificate": "",
                "client_certificate_config": [
                  {
                    "issue_client_certificate": false
                  }
                ],
                "client_key": "",
                "cluster_ca_certificate": "LS0tLS1CRUdJTiBDRVJUSUZJQ0FURS0tLS0tCk1JSUVMVENDQXBXZ0F3SUJBZ0lSQUxkb2xBZUxwRk1JWGs4VjVjL3NuZUl3RFFZSktvWklodmNOQVFFTEJRQXcKTHpFdE1Dc0dBMVVFQXhNa1lqaGhPV1l6TWpJdFlUYzFZUzAwTkRWbUxXSXdabVV0T0RGall6QXlZV1E0WTJWagpNQ0FYRFRJMk1ERXlOekF6TXpNeE5sb1lEekl3TlRZd01USXdNRFF6TXpFMldqQXZNUzB3S3dZRFZRUURFeVJpCk9HRTVaak15TWkxaE56VmhMVFEwTldZdFlqQm1aUzA0TVdOak1ESmhaRGhqWldNd2dnR2lNQTBHQ1NxR1NJYjMKRFFFQkFRVUFBNElCandBd2dnR0tBb0lCZ1FEZGVoSzVIUVoyTHByLys4RlhnSXNkc1Bwd1AxVUdGWForZElHVQp5ZldsWmsxYW9Tb3hEU0hYUzF4MEk0MDIwdGFHYnNIWXhER25MaUx2STJzWVF6bFhGL2swenRabmg0UXRWTE1QCnRwRVAzWHgrbVF3cFZOWG1nS2RlS0JKdTByaTJ3cVREM3U5S3hoU0IzcmFhL3Vpem1iQndOVTVNOGQ1b3dPQXgKVE4xbXhzc29nUFNNTHdIODR3LzFHaWF2a1h3clpFMHFyNWpKS1JmS3hzcGtMRFpINk0zOStnNHlkSVlhNERKYgp0eS90aEF3ZkZXZWVOeXpTbjhEdFZKelRpTHNWUVlIbkNFb3VCOEJ6SnpMelZFelhIWDRid0dzY2dpclh3QS9NCkdhL1huR0ZJR3NhRFZLZXJrazAwZVVpTUJzaktTVHNhQVhwV0tWWCtrYkFOQTgwTm5xUFgxV2JYczY2RWVLbEYKTk1oVDUyMjRaa3pPUE1odEF0dWRCTXJxT1llZCt4NmJnQ3V4aVhiVHVRNzRRbWQ3S0pRalVsS2lzZHl2RTlTWAp2czRWT1J5cmlPaS9tZ24zS3l3NVpFYWszWXpNdk1IeGZzaSt6bW1JT2NjU1NYenBCL1ZkUG9HeEhibHhNa1FqCkgvTzdQR2ZtZTJoU3BBRk1QdFVET2NRd01nY0NBd0VBQWFOQ01FQXdEZ1lEVlIwUEFRSC9CQVFEQWdJRU1BOEcKQTFVZEV3RUIvd1FGTUFNQkFmOHdIUVlEVlIwT0JCWUVGRXo2UUIxbDNHK0JyR2lsRER3L3NFWm9PTTh6TUEwRwpDU3FHU0liM0RRRUJDd1VBQTRJQmdRQXFwblRVM0dkQVIxalExcXpGcm9zS0NTVjYwN1R2bi93a1RLamNrNExKCmtkMzhMaWVFYXJSeDF3QUgySU94cjVTM1FWYk1RUkxEZ3FqTTFTeXJQSzhJTzgyOVNsYThLZGFyR3M5ajVRRisKLzRBVTQ1Z1c5ZDRwQ2hMWFhGMHZQcmpYWGJwdTRnUUhWSWVNSlFVdUh3L2lmUFozS0VaMFg5T3N6ZGZvby8xZApDbFB3OVNkajJTanFUZTJTaFpWWk1MMk5WQ1hXejh3ZExYZ3JYN05sUXVGVGM1clFuc0xZUWNabk9hSGMvNTdSCm5hR2c1b09xcCtDOHVuKzc5Rm0zdkc2ek04STZLbDBZTHBhUnVLcXBYdEd3VktpT0xvTkNqM0d6YlhML0FlVHMKSHI1bU04SGZjcXhwYlNQaUIzRzRZMlI1ODRGeUdsQWRRb0pyM3FkQ240a2REcnJ6K2llRk1OTWpCTjlmdjBlVApKaVhzUmsyQVltSTNtbTlzeWpWcWNOekhsNVdsanFSaW16WGtnZVlhemo2ckE4eEhFTlRCWUdaZXp3MjVFZzU0Ckl4VkE3YnQxUk5VQm0xZVZiWHRPSGVBOUFaWFQ1WlRudW1aK2Y4YUNrRE1FN1NGM0ozVkJkUXhIRzg2cHI2ZEMKS2FNaDUreHkwdUZoL1JNNEozOTNFSjA9Ci0tLS0tRU5EIENFUlRJRklDQVRFLS0tLS0K"
              }
            ],
            "master_authorized_networks_config": [],
            "master_version": "1.33.5-gke.2100000",
            "mesh_certificates": [],
            "min_master_version": null,
            "monitoring_config": [
              {
                "advanced_datapath_observability_config": [
                  {
                    "enable_metrics": false,
                    "relay_mode": ""
                  }
                ],
                "enable_components": [
                  "SYSTEM_COMPONENTS",
                  "STORAGE",
                  "HPA",
                  "POD",
                  "DAEMONSET",
                  "DEPLOYMENT",
                  "STATEFULSET",
                  "JOBSET",
                  "CADVISOR",
                  "KUBELET",
                  "DCGM"
                ],
                "managed_prometheus": [
                  {
                    "enabled": true
                  }
                ]
              }
            ],
            "monitoring_service": "monitoring.googleapis.com/kubernetes",
            "name": "ahsys-480510-gke",
            "network": "projects/ahsys-480510/global/networks/default",
            "network_policy": [
              {
                "enabled": false,
                "provider": "PROVIDER_UNSPECIFIED"
              }
            ],
            "networking_mode": "ROUTES",
            "node_config": [
              {
                "advanced_machine_features": [],
                "boot_disk_kms_key": "",
                "disk_size_gb": 50,
                "disk_type": "pd-standard",
                "ephemeral_storage_local_ssd_config": [],
                "gcfs_config": [],
                "guest_accelerator": [],
                "gvnic": [],
                "host_maintenance_policy": [],
                "image_type": "COS_CONTAINERD",
                "kubelet_config": [
                  {
                    "cpu_cfs_quota": false,
                    "cpu_cfs_quota_period": "",
                    "cpu_manager_policy": "",
                    "pod_pids_limit": 0
                  }
                ],
                "labels": {},
                "linux_node_config": [],
                "local_nvme_ssd_block_config": [],
                "local_ssd_count": 0,
                "logging_variant": "DEFAULT",
                "machine_type": "e2-medium",
                "metadata": {
                  "disable-legacy-endpoints": "true"
                },
                "min_cpu_platform": "",
                "node_group": "",
                "oauth_scopes": [
                  "https://www.googleapis.com/auth/devstorage.read_only",
                  "https://www.googleapis.com/auth/logging.write",
                  "https://www.googleapis.com/auth/monitoring",
                  "https://www.googleapis.com/auth/service.management.readonly",
                  "https://www.googleapis.com/auth/servicecontrol",
                  "https://www.googleapis.com/auth/trace.append"
                ],
                "preemptible": false,
                "reservation_affinity": [],
                "resource_labels": {
                  "goog-gke-node-pool-provisioning-model": "on-demand"
                },
                "service_account": "default",
                "shielded_instance_config": [
                  {
                    "enable_integrity_monitoring": true,
                    "enable_secure_boot": false
                  }
                ],
                "sole_tenant_config": [],
                "spot": false,
                "tags": null,
                "taint": [],
                "workload_metadata_config": []
              }
            ],
            "node_locations": [
              "asia-southeast2-a",
              "asia-southeast2-b",
              "asia-southeast2-c"
            ],
            "node_pool": [
              {
                "autoscaling": [],
                "initial_node_count": 1,
                "instance_group_urls": [
                  "https://www.googleapis.com/compute/v1/projects/ahsys-480510/zones/asia-southeast2-a/instanceGroupManagers/gke-ahsys-480510-gke-default-pool-f2025968-grp",
                  "https://www.googleapis.com/compute/v1/projects/ahsys-480510/zones/asia-southeast2-c/instanceGroupManagers/gke-ahsys-480510-gke-default-pool-9d384a68-grp",
                  "https://www.googleapis.com/compute/v1/projects/ahsys-480510/zones/asia-southeast2-b/instanceGroupManagers/gke-ahsys-480510-gke-default-pool-91823764-grp"
                ],
                "managed_instance_group_urls": [
                  "https://www.googleapis.com/compute/v1/projects/ahsys-480510/zones/asia-southeast2-a/instanceGroups/gke-ahsys-480510-gke-default-pool-f2025968-grp",
                  "https://www.googleapis.com/compute/v1/projects/ahsys-480510/zones/asia-southeast2-c/instanceGroups/gke-ahsys-480510-gke-default-pool-9d384a68-grp",
                  "https://www.googleapis.com/compute/v1/projects/ahsys-480510/zones/asia-southeast2-b/instanceGroups/gke-ahsys-480510-gke-default-pool-91823764-grp"
                ],
                "management": [
                  {
                    "auto_repair": true,
                    "auto_upgrade": true
                  }
                ],
                "max_pods_per_node": 0,
                "name": "default-pool",
                "name_prefix": "",
                "network_config": [],
                "node_config": [
                  {
                    "advanced_machine_features": [],
                    "boot_disk_kms_key": "",
                    "disk_size_gb": 50,
                    "disk_type": "pd-standard",
                    "ephemeral_storage_local_ssd_config": [],
                    "gcfs_config": [],
                    "guest_accelerator": [],
                    "gvnic": [],
                    "host_maintenance_policy": [],
                    "image_type": "COS_CONTAINERD",
                    "kubelet_config": [
                      {
                        "cpu_cfs_quota": false,
                        "cpu_cfs_quota_period": "",
                        "cpu_manager_policy": "",
                        "pod_pids_limit": 0
                      }
                    ],
                    "labels": {},
                    "linux_node_config": [],
                    "local_nvme_ssd_block_config": [],
                    "local_ssd_count": 0,
                    "logging_variant": "DEFAULT",
                    "machine_type": "e2-medium",
                    "metadata": {
                      "disable-legacy-endpoints": "true"
                    },
                    "min_cpu_platform": "",
                    "node_group": "",
                    "oauth_scopes": [
                      "https://www.googleapis.com/auth/devstorage.read_only",
                      "https://www.googleapis.com/auth/logging.write",
                      "https://www.googleapis.com/auth/monitoring",
                      "https://www.googleapis.com/auth/service.management.readonly",
                      "https://www.googleapis.com/auth/servicecontrol",
                      "https://www.googleapis.com/auth/trace.append"
                    ],
                    "preemptible": false,
                    "reservation_affinity": [],
                    "resource_labels": {
                      "goog-gke-node-pool-provisioning-model": "on-demand"
                    },
                    "service_account": "default",
                    "shielded_instance_config": [
                      {
                        "enable_integrity_monitoring": true,
                        "enable_secure_boot": false
                      }
                    ],
                    "sole_tenant_config": [],
                    "spot": false,
                    "tags": [],
                    "taint": [],
                    "workload_metadata_config": []
                  }
                ],
                "node_count": 1,
                "node_locations": [
                  "asia-southeast2-a",
                  "asia-southeast2-b",
                  "asia-southeast2-c"
                ],
                "placement_policy": [],
                "upgrade_settings": [
                  {
                    "blue_green_settings": [],
                    "max_surge": 1,
                    "max_unavailable": 0,
                    "strategy": "SURGE"
                  }
                ],
                "version": "1.33.5-gke.2100000"
              }
            ],
            "node_pool_defaults": [
              {
                "node_config_defaults": [
                  {
                    "logging_variant": "DEFAULT"
                  }
                ]
              }
            ],
            "node_version": "1.33.5-gke.2100000",
            "notification_config": [
              {
                "pubsub": [
                  {
                    "enabled": false,
                    "filter": [],
                    "topic": ""
                  }
                ]
              }
            ],
            "operation": null,
            "private_cluster_config": [
              {
                "enable_private_endpoint": false,
                "enable_private_nodes": false,
                "master_global_access_config": [
                  {
                    "enabled": false
                  }
                ],
                "master_ipv4_cidr_block": "",
                "peering_name": "",
                "private_endpoint": "10.184.0.34",
                "private_endpoint_subnetwork": "",
                "public_endpoint": "34.50.80.33"
              }
            ],
            "private_ipv6_google_access": "",
            "project": "ahsys-480510",
            "release_channel": [
              {
                "channel": "REGULAR"
              }
            ],
            "remove_default_node_pool": null,
            "resource_labels": null,
            "resource_usage_export_config": [],
            "security_posture_config": [
              {
                "mode": "BASIC",
                "vulnerability_mode": "VULNERABILITY_MODE_UNSPECIFIED"
              }
            ],
            "self_link": "https://container.googleapis.com/v1/projects/ahsys-480510/locations/asia-southeast2/clusters/ahsys-480510-gke",
            "service_external_ips_config": [
              {
                "enabled": false
              }
            ],
            "services_ipv4_cidr": "10.95.240.0/20",
            "subnetwork": "projects/ahsys-480510/regions/asia-southeast2/subnetworks/default",
            "timeouts": null,
            "tpu_ipv4_cidr_block": "",
            "vertical_pod_autoscaling": [],
            "workload_identity_config": []
          },
          "sensitive_attributes": [
            [
              {
                "type": "get_attr",
                "value": "master_auth"
              },
              {
                "type": "index",
                "value": {
                  "value": 0,
                  "type": "number"
                }
              },
              {
                "type": "get_attr",
                "value": "client_key"
              }
            ]
          ],
          "identity_schema_version": 0,
          "private": "eyJlMmJmYjczMC1lY2FhLTExZTYtOGY4OC0zNDM2M2JjN2M0YzAiOnsiY3JlYXRlIjoyNDAwMDAwMDAwMDAwLCJkZWxldGUiOjI0MDAwMDAwMDAwMDAsInJlYWQiOjI0MDAwMDAwMDAwMDAsInVwZGF0ZSI6MzYwMDAwMDAwMDAwMH0sInNjaGVtYV92ZXJzaW9uIjoiMSJ9"
        }
      ]
    },
    {
      "mode": "managed",
      "type": "google_storage_bucket",
      "name": "model_registry",
      "provider": "provider[\"registry.terraform.io/hashicorp/google\"]",
      "instances": [
        {
          "schema_version": 0,
          "attributes": {
            "autoclass": [],
            "cors": [],
            "custom_placement_config": [],
            "default_event_based_hold": false,
            "encryption": [],
            "force_destroy": false,
            "id": "ahsys-480510-model-registry",
            "labels": {},
            "lifecycle_rule": [
              {
                "action": [
                  {
                    "storage_class": "",
                    "type": "Delete"
                  }
                ],
                "condition": [
                  {
                    "age": 0,
                    "created_before": "",
                    "custom_time_before": "",
                    "days_since_custom_time": 0,
                    "days_since_noncurrent_time": 0,
                    "matches_prefix": [],
                    "matches_storage_class": [],
                    "matches_suffix": [],
                    "noncurrent_time_before": "",
                    "num_newer_versions": 5,
                    "with_state": "ANY"
                  }
                ]
              }
            ],
            "location": "ASIA-SOUTHEAST2",
            "logging": [],
            "name": "ahsys-480510-model-registry",
            "project": "ahsys-480510",
            "public_access_prevention": "inherited",
            "requester_pays": false,
            "retention_policy": [],
            "self_link": "https://www.googleapis.com/storage/v1/b/ahsys-480510-model-registry",
            "storage_class": "STANDARD",
            "timeouts": null,
            "uniform_bucket_level_access": true,
            "url": "gs://ahsys-480510-model-registry",
            "versioning": [
              {
                "enabled": true
              }
            ],
            "website": []
          },
          "sensitive_attributes": [],
          "identity_schema_version": 0,
          "private": "eyJlMmJmYjczMC1lY2FhLTExZTYtOGY4OC0zNDM2M2JjN2M0YzAiOnsiY3JlYXRlIjo2MDAwMDAwMDAwMDAsInJlYWQiOjI0MDAwMDAwMDAwMCwidXBkYXRlIjoyNDAwMDAwMDAwMDB9fQ=="
        }
      ]
    }
  ],
  "check_results": null
}
