{
  "version": 4,
  "terraform_version": "1.14.3",
  "serial": 33,
  "lineage": "f9b7541a-eae0-29fb-9adb-65bb53cb5623",
  "outputs": {},
  "resources": [
    {
      "mode": "managed",
      "type": "google_container_cluster",
      "name": "my-gke",
      "provider": "provider[\"registry.terraform.io/hashicorp/google\"]",
      "instances": [
        {
          "schema_version": 1,
          "attributes": {
            "addons_config": [
              {
                "cloudrun_config": [],
                "config_connector_config": [],
                "dns_cache_config": [],
                "gce_persistent_disk_csi_driver_config": [
                  {
                    "enabled": true
                  }
                ],
                "gcp_filestore_csi_driver_config": [],
                "gcs_fuse_csi_driver_config": [],
                "gke_backup_agent_config": [],
                "horizontal_pod_autoscaling": [],
                "http_load_balancing": [],
                "network_policy_config": [
                  {
                    "disabled": true
                  }
                ]
              }
            ],
            "allow_net_admin": null,
            "authenticator_groups_config": [],
            "binary_authorization": [
              {
                "enabled": false,
                "evaluation_mode": ""
              }
            ],
            "cluster_autoscaling": [
              {
                "auto_provisioning_defaults": [],
                "enabled": false,
                "resource_limits": []
              }
            ],
            "cluster_ipv4_cidr": "10.92.0.0/14",
            "confidential_nodes": [],
            "cost_management_config": [],
            "database_encryption": [
              {
                "key_name": "",
                "state": "DECRYPTED"
              }
            ],
            "datapath_provider": "",
            "default_max_pods_per_node": null,
            "default_snat_status": [
              {
                "disabled": false
              }
            ],
            "description": "",
            "dns_config": [],
            "enable_autopilot": false,
            "enable_binary_authorization": false,
            "enable_intranode_visibility": false,
            "enable_k8s_beta_apis": [],
            "enable_kubernetes_alpha": false,
            "enable_l4_ilb_subsetting": false,
            "enable_legacy_abac": false,
            "enable_shielded_nodes": true,
            "enable_tpu": false,
            "endpoint": "34.101.52.77",
            "gateway_api_config": [],
            "id": "projects/ahsys-480510/locations/asia-southeast2/clusters/ahsys-480510-gke",
            "initial_node_count": 1,
            "ip_allocation_policy": [],
            "label_fingerprint": "a9dc16a7",
            "location": "asia-southeast2",
            "logging_config": [
              {
                "enable_components": [
                  "SYSTEM_COMPONENTS",
                  "WORKLOADS"
                ]
              }
            ],
            "logging_service": "logging.googleapis.com/kubernetes",
            "maintenance_policy": [],
            "master_auth": [
              {
                "client_certificate": "",
                "client_certificate_config": [
                  {
                    "issue_client_certificate": false
                  }
                ],
                "client_key": "",
                "cluster_ca_certificate": "LS0tLS1CRUdJTiBDRVJUSUZJQ0FURS0tLS0tCk1JSUVMRENDQXBTZ0F3SUJBZ0lRYzgveTFDeW5sWmJwRzRDbFgxMXorVEFOQmdrcWhraUc5dzBCQVFzRkFEQXYKTVMwd0t3WURWUVFERXlRME1Ua3pOVFJoT0MxbVl6TTNMVFF5WkdNdFlqQXlOUzAwWTJVeU9UUmhZV1U0WWpRdwpJQmNOTWpZd01UQTNNRGd6TURVM1doZ1BNakExTlRFeU16RXdPVE13TlRkYU1DOHhMVEFyQmdOVkJBTVRKRFF4Ck9UTTFOR0U0TFdaak16Y3ROREprWXkxaU1ESTFMVFJqWlRJNU5HRmhaVGhpTkRDQ0FhSXdEUVlKS29aSWh2Y04KQVFFQkJRQURnZ0dQQURDQ0FZb0NnZ0dCQU9UVTZRRU14eFRIbi9GOFM2RFJsajR3eU1BWGJycGFZS2JlR0tTWQpjUFUwb0lnNnJRNnNYSXJWZ2JnSVk5dkNDdjVIa1E4YjU0ZTdGcDFRa2ppVWRoMExHNENrT2lnSUZBSEVFOG1rCjQrNVRsYm5naW8vdldHRm4rQjRmdU5ndVFEWUlXZFoyYjlNbGxVa2NMcGlrTngrZmIzN2hHTWdJNS9jUGVKN1UKQ01tLzBYcjZNRFVwYU1hc3kxbFo1Z1Y3bEY2Mk0rQzNxSXhvdE1Wb05GbWlBSERKRXRSQmc1cnRYMHliREJvSgpLRHpYYzFUb1lkK1NHL21wRFU1RVEwcU1RT0UzVjFpeUVZQmM3amg2SGJyLzBPZWQ2bjAxaXBKZGJPcmc5aEx2CmtwWksvMzlhejFZWDZPS3BWWWZza1I4WTZlcVV5T3Q5aERxN042ajVjVnlyeC83Wko2ZlNCd1lmM1VIRzRnNkUKaVVjS3E3U3k3cU85ZjN0dkVaTEJCb3lCUTRXQWRjV3VoWlF6anlVV25vTE9UM0Z0N1JuRzBvc1I5RU9YeFFPTgpSbFVVeU9JWVh4aWtFM1kvZEVOclVST3RpeHFyU0xtaDllRTRqT0x1RWtpcEQxL1hRMjduai8weXBPTVExN3JaCjBkQ0JXZTFmbTkzOSt5NTJmbmllZGZ3SDlRSURBUUFCbzBJd1FEQU9CZ05WSFE4QkFmOEVCQU1DQWdRd0R3WUQKVlIwVEFRSC9CQVV3QXdFQi96QWRCZ05WSFE0RUZnUVV4b290Ynl2SGJKMDI5bk5ZdkhXdGlzMUlVOFF3RFFZSgpLb1pJaHZjTkFRRUxCUUFEZ2dHQkFMNlBuQ2d1VWx3SW5KTzFYcU9URllCZjIyd01HSURJd1g4Q3Q0Q1RuVmV0ClNTVW1zQ0xhbmRRZHRnZnp0bGI5dEdJSyswbFZkMTRQalUwc25rcFcweG9XcUxnaVZJdkg1aHpEbFZkK0Y2UjcKVHZjMXJ5RXBYeWxaR3dWUHNaK3dtRWJSZnlENlpGdHN3SDBaWEcrb3g5NG5Jall3K1c2T0htUm9NOGZGbWV2aAo1OEVlZGJqaDNDRDZvVWxrcnZFWDdtOWhnYW1jTG1wVG9yZFRndHFZY2lidks2Q2tJcEpHMW1WM0x6QmF0WkdPCkdVRmlmSlhCakF5b0Vld01QM2h5azFuTUFocHB2RHZqamlCdzljamlZQmxOb2NzV0IwaUoxZGxIZWwwcU1GWm0KUHN6T3ZBV0QwZG5vbUhXc1Exb0hGZjUzVFBpSitpeEtrK2dnbVJDTWxqQSs1TGRJVUpNTUxkajNkUFVMNElCMQpUOXNNUjRzZWtKemJjczd6cjJhOEdkdzY3L3FvK1MxR2hYUWhRYjlMOXhYWWJtRytIRElPeVBmNFJCVXhRdHNvCkZaSmNlUzNGRStRNzltOGwyTWg1Rit4aUpxWEMxRUkzUU0rYm9LNFdyV2VjTmo5RUIrZGthbDRxd2JkczdrRmQKVjZIRGN4Z296VkprSEYvNVU4TmdFZz09Ci0tLS0tRU5EIENFUlRJRklDQVRFLS0tLS0K"
              }
            ],
            "master_authorized_networks_config": [],
            "master_version": "1.33.5-gke.1308000",
            "mesh_certificates": [],
            "min_master_version": null,
            "monitoring_config": [
              {
                "advanced_datapath_observability_config": [
                  {
                    "enable_metrics": false,
                    "relay_mode": ""
                  }
                ],
                "enable_components": [
                  "SYSTEM_COMPONENTS",
                  "STATEFULSET",
                  "JOBSET",
                  "STORAGE",
                  "HPA",
                  "POD",
                  "DAEMONSET",
                  "DEPLOYMENT",
                  "CADVISOR",
                  "KUBELET",
                  "DCGM"
                ],
                "managed_prometheus": [
                  {
                    "enabled": true
                  }
                ]
              }
            ],
            "monitoring_service": "monitoring.googleapis.com/kubernetes",
            "name": "ahsys-480510-gke",
            "network": "projects/ahsys-480510/global/networks/default",
            "network_policy": [
              {
                "enabled": false,
                "provider": "PROVIDER_UNSPECIFIED"
              }
            ],
            "networking_mode": "ROUTES",
            "node_config": [
              {
                "advanced_machine_features": [],
                "boot_disk_kms_key": "",
                "disk_size_gb": 50,
                "disk_type": "pd-standard",
                "ephemeral_storage_local_ssd_config": [],
                "gcfs_config": [],
                "guest_accelerator": [],
                "gvnic": [],
                "host_maintenance_policy": [],
                "image_type": "COS_CONTAINERD",
                "kubelet_config": [
                  {
                    "cpu_cfs_quota": false,
                    "cpu_cfs_quota_period": "",
                    "cpu_manager_policy": "",
                    "pod_pids_limit": 0
                  }
                ],
                "labels": {},
                "linux_node_config": [],
                "local_nvme_ssd_block_config": [],
                "local_ssd_count": 0,
                "logging_variant": "DEFAULT",
                "machine_type": "e2-medium",
                "metadata": {
                  "disable-legacy-endpoints": "true"
                },
                "min_cpu_platform": "",
                "node_group": "",
                "oauth_scopes": [
                  "https://www.googleapis.com/auth/devstorage.read_only",
                  "https://www.googleapis.com/auth/logging.write",
                  "https://www.googleapis.com/auth/monitoring",
                  "https://www.googleapis.com/auth/service.management.readonly",
                  "https://www.googleapis.com/auth/servicecontrol",
                  "https://www.googleapis.com/auth/trace.append"
                ],
                "preemptible": false,
                "reservation_affinity": [],
                "resource_labels": {
                  "goog-gke-node-pool-provisioning-model": "on-demand"
                },
                "service_account": "default",
                "shielded_instance_config": [
                  {
                    "enable_integrity_monitoring": true,
                    "enable_secure_boot": false
                  }
                ],
                "sole_tenant_config": [],
                "spot": false,
                "tags": null,
                "taint": [],
                "workload_metadata_config": []
              }
            ],
            "node_locations": [
              "asia-southeast2-a",
              "asia-southeast2-b",
              "asia-southeast2-c"
            ],
            "node_pool": [
              {
                "autoscaling": [],
                "initial_node_count": 1,
                "instance_group_urls": [
                  "https://www.googleapis.com/compute/v1/projects/ahsys-480510/zones/asia-southeast2-b/instanceGroupManagers/gke-ahsys-480510-gke-default-pool-13a51f69-grp",
                  "https://www.googleapis.com/compute/v1/projects/ahsys-480510/zones/asia-southeast2-a/instanceGroupManagers/gke-ahsys-480510-gke-default-pool-22fd74e2-grp",
                  "https://www.googleapis.com/compute/v1/projects/ahsys-480510/zones/asia-southeast2-c/instanceGroupManagers/gke-ahsys-480510-gke-default-pool-53a45bc3-grp"
                ],
                "managed_instance_group_urls": [
                  "https://www.googleapis.com/compute/v1/projects/ahsys-480510/zones/asia-southeast2-b/instanceGroups/gke-ahsys-480510-gke-default-pool-13a51f69-grp",
                  "https://www.googleapis.com/compute/v1/projects/ahsys-480510/zones/asia-southeast2-a/instanceGroups/gke-ahsys-480510-gke-default-pool-22fd74e2-grp",
                  "https://www.googleapis.com/compute/v1/projects/ahsys-480510/zones/asia-southeast2-c/instanceGroups/gke-ahsys-480510-gke-default-pool-53a45bc3-grp"
                ],
                "management": [
                  {
                    "auto_repair": true,
                    "auto_upgrade": true
                  }
                ],
                "max_pods_per_node": 0,
                "name": "default-pool",
                "name_prefix": "",
                "network_config": [],
                "node_config": [
                  {
                    "advanced_machine_features": [],
                    "boot_disk_kms_key": "",
                    "disk_size_gb": 50,
                    "disk_type": "pd-standard",
                    "ephemeral_storage_local_ssd_config": [],
                    "gcfs_config": [],
                    "guest_accelerator": [],
                    "gvnic": [],
                    "host_maintenance_policy": [],
                    "image_type": "COS_CONTAINERD",
                    "kubelet_config": [
                      {
                        "cpu_cfs_quota": false,
                        "cpu_cfs_quota_period": "",
                        "cpu_manager_policy": "",
                        "pod_pids_limit": 0
                      }
                    ],
                    "labels": {},
                    "linux_node_config": [],
                    "local_nvme_ssd_block_config": [],
                    "local_ssd_count": 0,
                    "logging_variant": "DEFAULT",
                    "machine_type": "e2-medium",
                    "metadata": {
                      "disable-legacy-endpoints": "true"
                    },
                    "min_cpu_platform": "",
                    "node_group": "",
                    "oauth_scopes": [
                      "https://www.googleapis.com/auth/devstorage.read_only",
                      "https://www.googleapis.com/auth/logging.write",
                      "https://www.googleapis.com/auth/monitoring",
                      "https://www.googleapis.com/auth/service.management.readonly",
                      "https://www.googleapis.com/auth/servicecontrol",
                      "https://www.googleapis.com/auth/trace.append"
                    ],
                    "preemptible": false,
                    "reservation_affinity": [],
                    "resource_labels": {
                      "goog-gke-node-pool-provisioning-model": "on-demand"
                    },
                    "service_account": "default",
                    "shielded_instance_config": [
                      {
                        "enable_integrity_monitoring": true,
                        "enable_secure_boot": false
                      }
                    ],
                    "sole_tenant_config": [],
                    "spot": false,
                    "tags": [],
                    "taint": [],
                    "workload_metadata_config": []
                  }
                ],
                "node_count": 1,
                "node_locations": [
                  "asia-southeast2-a",
                  "asia-southeast2-b",
                  "asia-southeast2-c"
                ],
                "placement_policy": [],
                "upgrade_settings": [
                  {
                    "blue_green_settings": [],
                    "max_surge": 1,
                    "max_unavailable": 0,
                    "strategy": "SURGE"
                  }
                ],
                "version": "1.33.5-gke.1308000"
              }
            ],
            "node_pool_defaults": [
              {
                "node_config_defaults": [
                  {
                    "logging_variant": "DEFAULT"
                  }
                ]
              }
            ],
            "node_version": "1.33.5-gke.1308000",
            "notification_config": [
              {
                "pubsub": [
                  {
                    "enabled": false,
                    "filter": [],
                    "topic": ""
                  }
                ]
              }
            ],
            "operation": null,
            "private_cluster_config": [
              {
                "enable_private_endpoint": false,
                "enable_private_nodes": false,
                "master_global_access_config": [
                  {
                    "enabled": false
                  }
                ],
                "master_ipv4_cidr_block": "",
                "peering_name": "",
                "private_endpoint": "10.184.0.10",
                "private_endpoint_subnetwork": "",
                "public_endpoint": "34.101.52.77"
              }
            ],
            "private_ipv6_google_access": "",
            "project": "ahsys-480510",
            "release_channel": [
              {
                "channel": "REGULAR"
              }
            ],
            "remove_default_node_pool": null,
            "resource_labels": null,
            "resource_usage_export_config": [],
            "security_posture_config": [
              {
                "mode": "BASIC",
                "vulnerability_mode": "VULNERABILITY_MODE_UNSPECIFIED"
              }
            ],
            "self_link": "https://container.googleapis.com/v1/projects/ahsys-480510/locations/asia-southeast2/clusters/ahsys-480510-gke",
            "service_external_ips_config": [
              {
                "enabled": false
              }
            ],
            "services_ipv4_cidr": "10.95.240.0/20",
            "subnetwork": "projects/ahsys-480510/regions/asia-southeast2/subnetworks/default",
            "timeouts": null,
            "tpu_ipv4_cidr_block": "",
            "vertical_pod_autoscaling": [],
            "workload_identity_config": []
          },
          "sensitive_attributes": [
            [
              {
                "type": "get_attr",
                "value": "master_auth"
              },
              {
                "type": "index",
                "value": {
                  "value": 0,
                  "type": "number"
                }
              },
              {
                "type": "get_attr",
                "value": "client_key"
              }
            ]
          ],
          "identity_schema_version": 0,
          "private": "eyJlMmJmYjczMC1lY2FhLTExZTYtOGY4OC0zNDM2M2JjN2M0YzAiOnsiY3JlYXRlIjoyNDAwMDAwMDAwMDAwLCJkZWxldGUiOjI0MDAwMDAwMDAwMDAsInJlYWQiOjI0MDAwMDAwMDAwMDAsInVwZGF0ZSI6MzYwMDAwMDAwMDAwMH0sInNjaGVtYV92ZXJzaW9uIjoiMSJ9"
        }
      ]
    },
    {
      "mode": "managed",
      "type": "google_storage_bucket",
      "name": "model_registry",
      "provider": "provider[\"registry.terraform.io/hashicorp/google\"]",
      "instances": [
        {
          "schema_version": 0,
          "attributes": {
            "autoclass": [],
            "cors": [],
            "custom_placement_config": [],
            "default_event_based_hold": false,
            "encryption": [],
            "force_destroy": false,
            "id": "ahsys-480510-model-registry",
            "labels": {},
            "lifecycle_rule": [
              {
                "action": [
                  {
                    "storage_class": "",
                    "type": "Delete"
                  }
                ],
                "condition": [
                  {
                    "age": 0,
                    "created_before": "",
                    "custom_time_before": "",
                    "days_since_custom_time": 0,
                    "days_since_noncurrent_time": 0,
                    "matches_prefix": [],
                    "matches_storage_class": [],
                    "matches_suffix": [],
                    "noncurrent_time_before": "",
                    "num_newer_versions": 5,
                    "with_state": "ANY"
                  }
                ]
              }
            ],
            "location": "ASIA-SOUTHEAST2",
            "logging": [],
            "name": "ahsys-480510-model-registry",
            "project": "ahsys-480510",
            "public_access_prevention": "inherited",
            "requester_pays": false,
            "retention_policy": [],
            "self_link": "https://www.googleapis.com/storage/v1/b/ahsys-480510-model-registry",
            "storage_class": "STANDARD",
            "timeouts": null,
            "uniform_bucket_level_access": true,
            "url": "gs://ahsys-480510-model-registry",
            "versioning": [
              {
                "enabled": true
              }
            ],
            "website": []
          },
          "sensitive_attributes": [],
          "identity_schema_version": 0,
          "private": "eyJlMmJmYjczMC1lY2FhLTExZTYtOGY4OC0zNDM2M2JjN2M0YzAiOnsiY3JlYXRlIjo2MDAwMDAwMDAwMDAsInJlYWQiOjI0MDAwMDAwMDAwMCwidXBkYXRlIjoyNDAwMDAwMDAwMDB9fQ=="
        }
      ]
    }
  ],
  "check_results": null
}
