{
  "version": 4,
  "terraform_version": "1.14.3",
  "serial": 14,
  "lineage": "f9b7541a-eae0-29fb-9adb-65bb53cb5623",
  "outputs": {},
  "resources": [
    {
      "mode": "managed",
      "type": "google_container_cluster",
      "name": "my-gke",
      "provider": "provider[\"registry.terraform.io/hashicorp/google\"]",
      "instances": [
        {
          "schema_version": 1,
          "attributes": {
            "addons_config": [
              {
                "cloudrun_config": [],
                "config_connector_config": [],
                "dns_cache_config": [],
                "gce_persistent_disk_csi_driver_config": [
                  {
                    "enabled": true
                  }
                ],
                "gcp_filestore_csi_driver_config": [],
                "gcs_fuse_csi_driver_config": [],
                "gke_backup_agent_config": [],
                "horizontal_pod_autoscaling": [],
                "http_load_balancing": [],
                "network_policy_config": [
                  {
                    "disabled": true
                  }
                ]
              }
            ],
            "allow_net_admin": null,
            "authenticator_groups_config": [],
            "binary_authorization": [
              {
                "enabled": false,
                "evaluation_mode": ""
              }
            ],
            "cluster_autoscaling": [
              {
                "auto_provisioning_defaults": [],
                "enabled": false,
                "resource_limits": []
              }
            ],
            "cluster_ipv4_cidr": "10.20.0.0/14",
            "confidential_nodes": [],
            "cost_management_config": [],
            "database_encryption": [
              {
                "key_name": "",
                "state": "DECRYPTED"
              }
            ],
            "datapath_provider": "",
            "default_max_pods_per_node": null,
            "default_snat_status": [
              {
                "disabled": false
              }
            ],
            "description": "",
            "dns_config": [],
            "enable_autopilot": false,
            "enable_binary_authorization": false,
            "enable_intranode_visibility": false,
            "enable_k8s_beta_apis": [],
            "enable_kubernetes_alpha": false,
            "enable_l4_ilb_subsetting": false,
            "enable_legacy_abac": false,
            "enable_shielded_nodes": true,
            "enable_tpu": false,
            "endpoint": "136.110.35.11",
            "gateway_api_config": [],
            "id": "projects/ahsys-480510/locations/asia-southeast1/clusters/ahsys-480510-gke",
            "initial_node_count": 1,
            "ip_allocation_policy": [],
            "label_fingerprint": "a9dc16a7",
            "location": "asia-southeast1",
            "logging_config": [
              {
                "enable_components": [
                  "SYSTEM_COMPONENTS",
                  "WORKLOADS"
                ]
              }
            ],
            "logging_service": "logging.googleapis.com/kubernetes",
            "maintenance_policy": [],
            "master_auth": [
              {
                "client_certificate": "",
                "client_certificate_config": [
                  {
                    "issue_client_certificate": false
                  }
                ],
                "client_key": "",
                "cluster_ca_certificate": "LS0tLS1CRUdJTiBDRVJUSUZJQ0FURS0tLS0tCk1JSUVMVENDQXBXZ0F3SUJBZ0lSQVAzWHhlSGdwTHdXc3M4Mlp6ZXZaRU13RFFZSktvWklodmNOQVFFTEJRQXcKTHpFdE1Dc0dBMVVFQXhNa1pHRTBNak00TjJRdFlqQXpOaTAwTkRJNExUaGhaV1V0WlRsaFpURmpPVGMxTVRReApNQ0FYRFRJMU1USXpNVEF5TVRjME1sb1lEekl3TlRVeE1qSTBNRE14TnpReVdqQXZNUzB3S3dZRFZRUURFeVJrCllUUXlNemczWkMxaU1ETTJMVFEwTWpndE9HRmxaUzFsT1dGbE1XTTVOelV4TkRFd2dnR2lNQTBHQ1NxR1NJYjMKRFFFQkFRVUFBNElCandBd2dnR0tBb0lCZ1FEUDE5dkxOTTQyUDB1aVNIZnJoWWoxV3d3RjFzSnh5bTVGYXJYRQpBN0Y2MUwzclVMNEFVb3MrMVpzU1dTK1piUFVTTUIzVStsenp3cnpnNmEvZ1BwYVB2ckNHS1FHK2lvOTdzb09JCmEvUm5HQnZuckhEbW5lMHRMRHAyeXdIcytPMzZyc3c0SXorUGtld2xpVnIzVnhQN2p3bE9HMDRUUWttN2RiUWEKVDhnWHJIeEp2Umh3b2UyVSs0SnB0Wmc4bVZia0ZrQ2F6OVRqWk5ZbEhjNDNDWkVjZzRMK3p2cmlRYzQ2b2VtRApPNGIwanJjdElHK2ZFVHhxOGhjVnM4VzFzYWFWTm5lbUt6N21TbktjWlBWQkx3dC9WVVlpZEpQZVlEWW9ERCtrCnpFU2lKcytQWTk3L0VkZmhVcEZDYVF1WnhYeTJCOFR1R084SmdQcEZNUW83NXhkZENZbTNDV1NIaVpOMzRoNUUKell1RWY3VWU4TThQRzQwb29yVU4wUHFsWWZHRkRLaVhJVUtoR082eEwvRmhvUk80MGJRTDczclRwUkE4b0hwUApTcWsxc3hKVytOOE1TWGpRYWZIZVdaWXFBMWY4bldNdXNXWFdtL3VFd25NR3NXTjdFblFzeXAwUDhlMlZ3eHhxCnBaV0ZBaExIckJ3NFZEbXdhU1pCUzQ2Q0Y4MENBd0VBQWFOQ01FQXdEZ1lEVlIwUEFRSC9CQVFEQWdJRU1BOEcKQTFVZEV3RUIvd1FGTUFNQkFmOHdIUVlEVlIwT0JCWUVGRDRUZUlpQ1Q3OE5DbzFqSXdtZVlEUnJWclByTUEwRwpDU3FHU0liM0RRRUJDd1VBQTRJQmdRQUFZMGE5cS9NQ29EeUo5RWc1YXloL0REZE9wQzl5b1JqWEJxOWk5Z0tlCmZhcUxnSHl3VkN3Sy9yRm5wNmJNaTh2MTZ2Y2xIeENxcVlrRVR0Y2tRQWlYR3JCekpkL05VOFVmUW5ONmN3aTAKKzFTaXRtb0VWRDhvRGkzTE9aejhGZkMzVmJ0VVQ2Ly82aUhvTHlYNVVLS0pXUWNGK2pYWWtSRGxOTmJiMk5RaApUNkgzUlZUeDJuakU3dmd3MzlNVmNUcFdtUi95bnNFaHd0WHBKZEkrdENidEFsRTdQMXA2TGl6b1BXRXdzN1lSCmt1WGNwV1ppTFBCT2lVeSs1dk9NL0xBZnJ4YzE4KzRhKzkyZURsWVpZc0xCdEZpb1I0Q1JEb3NOMGNuamFQSXAKY3ljUU1ZRDlEQk11NXJiUW44Rmt6UnpmVEpFVGl1bTdSYVRuVWlVTldIT3FJeEhrRGVLaGNqM3ZmVUpZMVhaNwprVGp4c05qMG9PcEFFaS93NzU0ZHM5ZEFXTlN2bU45WGpCTGVVdHIvejZPdlNuUmxFeWwvODZLVFpwMHAzRGRTClBPajZDSkhFYmt5MmZKZGx3WkFsTjlLZFNKYXd0WllVUkpOVkx0YjRNc3pvbGR2Z2Y5SmdXOVNtb0NKV2FqNjUKYzFBTG9ZZ09lRFZXR3VhK1dxWGhISVk9Ci0tLS0tRU5EIENFUlRJRklDQVRFLS0tLS0K"
              }
            ],
            "master_authorized_networks_config": [],
            "master_version": "1.33.5-gke.1308000",
            "mesh_certificates": [],
            "min_master_version": null,
            "monitoring_config": [
              {
                "advanced_datapath_observability_config": [
                  {
                    "enable_metrics": false,
                    "relay_mode": ""
                  }
                ],
                "enable_components": [
                  "SYSTEM_COMPONENTS",
                  "HPA",
                  "POD",
                  "DAEMONSET",
                  "DEPLOYMENT",
                  "STATEFULSET",
                  "JOBSET",
                  "STORAGE",
                  "CADVISOR",
                  "KUBELET",
                  "DCGM"
                ],
                "managed_prometheus": [
                  {
                    "enabled": true
                  }
                ]
              }
            ],
            "monitoring_service": "monitoring.googleapis.com/kubernetes",
            "name": "ahsys-480510-gke",
            "network": "projects/ahsys-480510/global/networks/default",
            "network_policy": [
              {
                "enabled": false,
                "provider": "PROVIDER_UNSPECIFIED"
              }
            ],
            "networking_mode": "ROUTES",
            "node_config": [
              {
                "advanced_machine_features": [],
                "boot_disk_kms_key": "",
                "disk_size_gb": 50,
                "disk_type": "pd-standard",
                "ephemeral_storage_local_ssd_config": [],
                "gcfs_config": [],
                "guest_accelerator": [],
                "gvnic": [],
                "host_maintenance_policy": [],
                "image_type": "COS_CONTAINERD",
                "kubelet_config": [
                  {
                    "cpu_cfs_quota": false,
                    "cpu_cfs_quota_period": "",
                    "cpu_manager_policy": "",
                    "pod_pids_limit": 0
                  }
                ],
                "labels": {},
                "linux_node_config": [],
                "local_nvme_ssd_block_config": [],
                "local_ssd_count": 0,
                "logging_variant": "DEFAULT",
                "machine_type": "e2-medium",
                "metadata": {
                  "disable-legacy-endpoints": "true"
                },
                "min_cpu_platform": "",
                "node_group": "",
                "oauth_scopes": [
                  "https://www.googleapis.com/auth/devstorage.read_only",
                  "https://www.googleapis.com/auth/logging.write",
                  "https://www.googleapis.com/auth/monitoring",
                  "https://www.googleapis.com/auth/service.management.readonly",
                  "https://www.googleapis.com/auth/servicecontrol",
                  "https://www.googleapis.com/auth/trace.append"
                ],
                "preemptible": false,
                "reservation_affinity": [],
                "resource_labels": {
                  "goog-gke-node-pool-provisioning-model": "on-demand"
                },
                "service_account": "default",
                "shielded_instance_config": [
                  {
                    "enable_integrity_monitoring": true,
                    "enable_secure_boot": false
                  }
                ],
                "sole_tenant_config": [],
                "spot": false,
                "tags": null,
                "taint": [],
                "workload_metadata_config": []
              }
            ],
            "node_locations": [
              "asia-southeast1-a",
              "asia-southeast1-b",
              "asia-southeast1-c"
            ],
            "node_pool": [
              {
                "autoscaling": [],
                "initial_node_count": 1,
                "instance_group_urls": [
                  "https://www.googleapis.com/compute/v1/projects/ahsys-480510/zones/asia-southeast1-b/instanceGroupManagers/gke-ahsys-480510-gke-default-pool-6c2ae9b8-grp",
                  "https://www.googleapis.com/compute/v1/projects/ahsys-480510/zones/asia-southeast1-c/instanceGroupManagers/gke-ahsys-480510-gke-default-pool-51e3239b-grp",
                  "https://www.googleapis.com/compute/v1/projects/ahsys-480510/zones/asia-southeast1-a/instanceGroupManagers/gke-ahsys-480510-gke-default-pool-d90a5b9e-grp"
                ],
                "managed_instance_group_urls": [
                  "https://www.googleapis.com/compute/v1/projects/ahsys-480510/zones/asia-southeast1-b/instanceGroups/gke-ahsys-480510-gke-default-pool-6c2ae9b8-grp",
                  "https://www.googleapis.com/compute/v1/projects/ahsys-480510/zones/asia-southeast1-c/instanceGroups/gke-ahsys-480510-gke-default-pool-51e3239b-grp",
                  "https://www.googleapis.com/compute/v1/projects/ahsys-480510/zones/asia-southeast1-a/instanceGroups/gke-ahsys-480510-gke-default-pool-d90a5b9e-grp"
                ],
                "management": [
                  {
                    "auto_repair": true,
                    "auto_upgrade": true
                  }
                ],
                "max_pods_per_node": 0,
                "name": "default-pool",
                "name_prefix": "",
                "network_config": [],
                "node_config": [
                  {
                    "advanced_machine_features": [],
                    "boot_disk_kms_key": "",
                    "disk_size_gb": 50,
                    "disk_type": "pd-standard",
                    "ephemeral_storage_local_ssd_config": [],
                    "gcfs_config": [],
                    "guest_accelerator": [],
                    "gvnic": [],
                    "host_maintenance_policy": [],
                    "image_type": "COS_CONTAINERD",
                    "kubelet_config": [
                      {
                        "cpu_cfs_quota": false,
                        "cpu_cfs_quota_period": "",
                        "cpu_manager_policy": "",
                        "pod_pids_limit": 0
                      }
                    ],
                    "labels": {},
                    "linux_node_config": [],
                    "local_nvme_ssd_block_config": [],
                    "local_ssd_count": 0,
                    "logging_variant": "DEFAULT",
                    "machine_type": "e2-medium",
                    "metadata": {
                      "disable-legacy-endpoints": "true"
                    },
                    "min_cpu_platform": "",
                    "node_group": "",
                    "oauth_scopes": [
                      "https://www.googleapis.com/auth/devstorage.read_only",
                      "https://www.googleapis.com/auth/logging.write",
                      "https://www.googleapis.com/auth/monitoring",
                      "https://www.googleapis.com/auth/service.management.readonly",
                      "https://www.googleapis.com/auth/servicecontrol",
                      "https://www.googleapis.com/auth/trace.append"
                    ],
                    "preemptible": false,
                    "reservation_affinity": [],
                    "resource_labels": {
                      "goog-gke-node-pool-provisioning-model": "on-demand"
                    },
                    "service_account": "default",
                    "shielded_instance_config": [
                      {
                        "enable_integrity_monitoring": true,
                        "enable_secure_boot": false
                      }
                    ],
                    "sole_tenant_config": [],
                    "spot": false,
                    "tags": [],
                    "taint": [],
                    "workload_metadata_config": []
                  }
                ],
                "node_count": 1,
                "node_locations": [
                  "asia-southeast1-a",
                  "asia-southeast1-b",
                  "asia-southeast1-c"
                ],
                "placement_policy": [],
                "upgrade_settings": [
                  {
                    "blue_green_settings": [],
                    "max_surge": 1,
                    "max_unavailable": 0,
                    "strategy": "SURGE"
                  }
                ],
                "version": "1.33.5-gke.1308000"
              }
            ],
            "node_pool_defaults": [
              {
                "node_config_defaults": [
                  {
                    "logging_variant": "DEFAULT"
                  }
                ]
              }
            ],
            "node_version": "1.33.5-gke.1308000",
            "notification_config": [
              {
                "pubsub": [
                  {
                    "enabled": false,
                    "filter": [],
                    "topic": ""
                  }
                ]
              }
            ],
            "operation": null,
            "private_cluster_config": [
              {
                "enable_private_endpoint": false,
                "enable_private_nodes": false,
                "master_global_access_config": [
                  {
                    "enabled": false
                  }
                ],
                "master_ipv4_cidr_block": "",
                "peering_name": "",
                "private_endpoint": "10.148.0.11",
                "private_endpoint_subnetwork": "",
                "public_endpoint": "136.110.35.11"
              }
            ],
            "private_ipv6_google_access": "",
            "project": "ahsys-480510",
            "release_channel": [
              {
                "channel": "REGULAR"
              }
            ],
            "remove_default_node_pool": null,
            "resource_labels": null,
            "resource_usage_export_config": [],
            "security_posture_config": [
              {
                "mode": "BASIC",
                "vulnerability_mode": "VULNERABILITY_MODE_UNSPECIFIED"
              }
            ],
            "self_link": "https://container.googleapis.com/v1/projects/ahsys-480510/locations/asia-southeast1/clusters/ahsys-480510-gke",
            "service_external_ips_config": [
              {
                "enabled": false
              }
            ],
            "services_ipv4_cidr": "10.23.240.0/20",
            "subnetwork": "projects/ahsys-480510/regions/asia-southeast1/subnetworks/default",
            "timeouts": null,
            "tpu_ipv4_cidr_block": "",
            "vertical_pod_autoscaling": [],
            "workload_identity_config": []
          },
          "sensitive_attributes": [
            [
              {
                "type": "get_attr",
                "value": "master_auth"
              },
              {
                "type": "index",
                "value": {
                  "value": 0,
                  "type": "number"
                }
              },
              {
                "type": "get_attr",
                "value": "client_key"
              }
            ]
          ],
          "identity_schema_version": 0,
          "private": "eyJlMmJmYjczMC1lY2FhLTExZTYtOGY4OC0zNDM2M2JjN2M0YzAiOnsiY3JlYXRlIjoyNDAwMDAwMDAwMDAwLCJkZWxldGUiOjI0MDAwMDAwMDAwMDAsInJlYWQiOjI0MDAwMDAwMDAwMDAsInVwZGF0ZSI6MzYwMDAwMDAwMDAwMH0sInNjaGVtYV92ZXJzaW9uIjoiMSJ9"
        }
      ]
    }
  ],
  "check_results": null
}
