{
  "version": 4,
  "terraform_version": "1.14.3",
  "serial": 12,
  "lineage": "f9b7541a-eae0-29fb-9adb-65bb53cb5623",
  "outputs": {},
  "resources": [
    {
      "mode": "managed",
      "type": "google_container_cluster",
      "name": "my-gke",
      "provider": "provider[\"registry.terraform.io/hashicorp/google\"]",
      "instances": [
        {
          "schema_version": 1,
          "attributes": {
            "addons_config": [
              {
                "cloudrun_config": [],
                "config_connector_config": [],
                "dns_cache_config": [],
                "gce_persistent_disk_csi_driver_config": [
                  {
                    "enabled": true
                  }
                ],
                "gcp_filestore_csi_driver_config": [],
                "gcs_fuse_csi_driver_config": [],
                "gke_backup_agent_config": [],
                "horizontal_pod_autoscaling": [],
                "http_load_balancing": [],
                "network_policy_config": [
                  {
                    "disabled": true
                  }
                ]
              }
            ],
            "allow_net_admin": null,
            "authenticator_groups_config": [],
            "binary_authorization": [
              {
                "enabled": false,
                "evaluation_mode": ""
              }
            ],
            "cluster_autoscaling": [
              {
                "auto_provisioning_defaults": [],
                "enabled": false,
                "resource_limits": []
              }
            ],
            "cluster_ipv4_cidr": "10.20.0.0/14",
            "confidential_nodes": [],
            "cost_management_config": [],
            "database_encryption": [
              {
                "key_name": "",
                "state": "DECRYPTED"
              }
            ],
            "datapath_provider": "",
            "default_max_pods_per_node": null,
            "default_snat_status": [
              {
                "disabled": false
              }
            ],
            "description": "",
            "dns_config": [],
            "enable_autopilot": false,
            "enable_binary_authorization": false,
            "enable_intranode_visibility": false,
            "enable_k8s_beta_apis": [],
            "enable_kubernetes_alpha": false,
            "enable_l4_ilb_subsetting": false,
            "enable_legacy_abac": false,
            "enable_shielded_nodes": true,
            "enable_tpu": false,
            "endpoint": "34.87.114.79",
            "gateway_api_config": [],
            "id": "projects/ahsys-480510/locations/asia-southeast1/clusters/ahsys-480510-gke",
            "initial_node_count": 1,
            "ip_allocation_policy": [],
            "label_fingerprint": "a9dc16a7",
            "location": "asia-southeast1",
            "logging_config": [
              {
                "enable_components": [
                  "SYSTEM_COMPONENTS",
                  "WORKLOADS"
                ]
              }
            ],
            "logging_service": "logging.googleapis.com/kubernetes",
            "maintenance_policy": [],
            "master_auth": [
              {
                "client_certificate": "",
                "client_certificate_config": [
                  {
                    "issue_client_certificate": false
                  }
                ],
                "client_key": "",
                "cluster_ca_certificate": "LS0tLS1CRUdJTiBDRVJUSUZJQ0FURS0tLS0tCk1JSUVMRENDQXBTZ0F3SUJBZ0lRWElBVkRXS2RxZVBydU50NWhEUDNMekFOQmdrcWhraUc5dzBCQVFzRkFEQXYKTVMwd0t3WURWUVFERXlSak0yRTVNV0U1WXkwek5tWmhMVFExWm1RdFlUaGhNaTA0TW1abU9URXhZbUZoWXprdwpJQmNOTWpVeE1qTXdNREl4TnpVeFdoZ1BNakExTlRFeU1qTXdNekUzTlRGYU1DOHhMVEFyQmdOVkJBTVRKR016CllUa3hZVGxqTFRNMlptRXRORFZtWkMxaE9HRXlMVGd5Wm1ZNU1URmlZV0ZqT1RDQ0FhSXdEUVlKS29aSWh2Y04KQVFFQkJRQURnZ0dQQURDQ0FZb0NnZ0dCQUpaU1ZNRitlT0hlVnBPUGFrSDFKZ1I0aVp6TFJ2STQzQnRrQTVYeApPbVprYm1IeGFweE5US1p3QnQvM0E4UXdrRWtIbVpKdGNnTlB6UUgxK3YxektCUmdRZjQ2ZytrNFJXNDkvUC9aCmZJTk9JQkZVZFl2ZnhoNGozeWNFN1pVS0tVNGtpbW9mKy9lRVprcENHYTFXY2xkbjR6OGl6RTExejlBYS81S1cKS3dYaEtNbmxQQmNUbmF2ZG1KbkNJUzVCRFVxSWJqMjN3cDhCam4zOHpYMldnbVZ6alVsYjlVZWQrT1ZQRWU1SgpLMWg0eS9GdWdHOVUvTTdlaTdZUjVmMTJsTDllRFZmZ3ZlMmlpYkZlWHdyVTN6U2dVLzQ2Rzdma1RQNkZWcFkyCnk0WnNrYmxHajZTN2F2dlA3L0VIT2txVGFOWm1kWGt4amNqLzBvdXhMLy9USWNRL3VOL3V4Ymd3bWhVWUg1Q20KRDF1OHFrUjZ3QVpIK3JHYUkyMHB2RG9CNlJsTzJ5ZGU1cEpiMDV0aGVVMW1BZGJ0SXcyckFTNXNGWTRkdjRjRgpjMFFlQ05VUFh5Y1BDWnVTcEIzUFFBeUxvdHNaSlpqdzFwR3duOFVMSzRIMHU4RllUVGEwenlUcW1xMnprV3BjCkQ1M0x2SnBxT3BJNTFhcytEcWlYUG9mYkp3SURBUUFCbzBJd1FEQU9CZ05WSFE4QkFmOEVCQU1DQWdRd0R3WUQKVlIwVEFRSC9CQVV3QXdFQi96QWRCZ05WSFE0RUZnUVVheXFjdGhOQUw2Z0Q1TkxSZXhXTS9hMUdaK2t3RFFZSgpLb1pJaHZjTkFRRUxCUUFEZ2dHQkFES2ZOUURzcXExa2l6eUM5U0tpNE40anVuUjBER1I2ZzFxR3FCeGtIZngwCnd6TTBCV3pHTkdSK0RidzRPN1pHUlFLV3h1Wm51WFo5cDFYeVVqcVdFWEtiR3lhaUFEQS9GOG5ZNk1DdUhaUjcKazcrSmEvbHZlOHlhNU1rc2hVb0taMDRvK0wzQkQ1dzZIZWdidDlpRExuRjZsWUcwU0x1STNwdURNOURaRTFsdQpoRWRzbEZGMGpvOTVRQWcvV1RjNzkvUTd4RndsaE1DZmg1RHdOQkI5Ukt1K0FwMXRrOWpDOFRuK2daU3JWV1JHCjNmSDNGNjJJSE96YVc3dW5oQTBpYlFYUkcrYThkdksxNUNnZG5ETlpHVXVIZDlWODJoZDJ3d1h1WUVVOVZnTXQKNXJPNEcvTHh2QVNGUGFBR1ZOQ2xIWUY1clpsZU1iMnhhVkwrVEY0T0Q1RU5hZjhKTWlLNERTbjBOUDgrWFdxdApWYUc1WkEzWUd0akZBRmd4azc2UjFuYWxHZmdxejVTelQ4dU9CeVNsRHdsUFBibVR5TzArdEErZVkzWlNsRmRsCnhVeTRyMSs2QTRmR25XTHQvMm1vK2kwTW9KZU9wZUpyekR5UG4zOU9FdWQvdjJLQVNPQlZ5VWJuMjRvNVlyRGkKLzdGSXpNUTVodU9GRTh2b3FFRzJCZz09Ci0tLS0tRU5EIENFUlRJRklDQVRFLS0tLS0K"
              }
            ],
            "master_authorized_networks_config": [],
            "master_version": "1.33.5-gke.1308000",
            "mesh_certificates": [],
            "min_master_version": null,
            "monitoring_config": [
              {
                "advanced_datapath_observability_config": [
                  {
                    "enable_metrics": false,
                    "relay_mode": ""
                  }
                ],
                "enable_components": [
                  "SYSTEM_COMPONENTS",
                  "JOBSET",
                  "STORAGE",
                  "HPA",
                  "POD",
                  "DAEMONSET",
                  "DEPLOYMENT",
                  "STATEFULSET",
                  "KUBELET",
                  "CADVISOR",
                  "DCGM"
                ],
                "managed_prometheus": [
                  {
                    "enabled": true
                  }
                ]
              }
            ],
            "monitoring_service": "monitoring.googleapis.com/kubernetes",
            "name": "ahsys-480510-gke",
            "network": "projects/ahsys-480510/global/networks/default",
            "network_policy": [
              {
                "enabled": false,
                "provider": "PROVIDER_UNSPECIFIED"
              }
            ],
            "networking_mode": "ROUTES",
            "node_config": [
              {
                "advanced_machine_features": [],
                "boot_disk_kms_key": "",
                "disk_size_gb": 50,
                "disk_type": "pd-standard",
                "ephemeral_storage_local_ssd_config": [],
                "gcfs_config": [],
                "guest_accelerator": [],
                "gvnic": [],
                "host_maintenance_policy": [],
                "image_type": "COS_CONTAINERD",
                "kubelet_config": [
                  {
                    "cpu_cfs_quota": false,
                    "cpu_cfs_quota_period": "",
                    "cpu_manager_policy": "",
                    "pod_pids_limit": 0
                  }
                ],
                "labels": {},
                "linux_node_config": [],
                "local_nvme_ssd_block_config": [],
                "local_ssd_count": 0,
                "logging_variant": "DEFAULT",
                "machine_type": "e2-medium",
                "metadata": {
                  "disable-legacy-endpoints": "true"
                },
                "min_cpu_platform": "",
                "node_group": "",
                "oauth_scopes": [
                  "https://www.googleapis.com/auth/devstorage.read_only",
                  "https://www.googleapis.com/auth/logging.write",
                  "https://www.googleapis.com/auth/monitoring",
                  "https://www.googleapis.com/auth/service.management.readonly",
                  "https://www.googleapis.com/auth/servicecontrol",
                  "https://www.googleapis.com/auth/trace.append"
                ],
                "preemptible": false,
                "reservation_affinity": [],
                "resource_labels": {
                  "goog-gke-node-pool-provisioning-model": "on-demand"
                },
                "service_account": "default",
                "shielded_instance_config": [
                  {
                    "enable_integrity_monitoring": true,
                    "enable_secure_boot": false
                  }
                ],
                "sole_tenant_config": [],
                "spot": false,
                "tags": null,
                "taint": [],
                "workload_metadata_config": []
              }
            ],
            "node_locations": [
              "asia-southeast1-a",
              "asia-southeast1-b",
              "asia-southeast1-c"
            ],
            "node_pool": [
              {
                "autoscaling": [],
                "initial_node_count": 1,
                "instance_group_urls": [
                  "https://www.googleapis.com/compute/v1/projects/ahsys-480510/zones/asia-southeast1-b/instanceGroupManagers/gke-ahsys-480510-gke-default-pool-cd4eb52f-grp",
                  "https://www.googleapis.com/compute/v1/projects/ahsys-480510/zones/asia-southeast1-c/instanceGroupManagers/gke-ahsys-480510-gke-default-pool-a6b582a2-grp",
                  "https://www.googleapis.com/compute/v1/projects/ahsys-480510/zones/asia-southeast1-a/instanceGroupManagers/gke-ahsys-480510-gke-default-pool-eed5d881-grp"
                ],
                "managed_instance_group_urls": [
                  "https://www.googleapis.com/compute/v1/projects/ahsys-480510/zones/asia-southeast1-b/instanceGroups/gke-ahsys-480510-gke-default-pool-cd4eb52f-grp",
                  "https://www.googleapis.com/compute/v1/projects/ahsys-480510/zones/asia-southeast1-c/instanceGroups/gke-ahsys-480510-gke-default-pool-a6b582a2-grp",
                  "https://www.googleapis.com/compute/v1/projects/ahsys-480510/zones/asia-southeast1-a/instanceGroups/gke-ahsys-480510-gke-default-pool-eed5d881-grp"
                ],
                "management": [
                  {
                    "auto_repair": true,
                    "auto_upgrade": true
                  }
                ],
                "max_pods_per_node": 0,
                "name": "default-pool",
                "name_prefix": "",
                "network_config": [],
                "node_config": [
                  {
                    "advanced_machine_features": [],
                    "boot_disk_kms_key": "",
                    "disk_size_gb": 50,
                    "disk_type": "pd-standard",
                    "ephemeral_storage_local_ssd_config": [],
                    "gcfs_config": [],
                    "guest_accelerator": [],
                    "gvnic": [],
                    "host_maintenance_policy": [],
                    "image_type": "COS_CONTAINERD",
                    "kubelet_config": [
                      {
                        "cpu_cfs_quota": false,
                        "cpu_cfs_quota_period": "",
                        "cpu_manager_policy": "",
                        "pod_pids_limit": 0
                      }
                    ],
                    "labels": {},
                    "linux_node_config": [],
                    "local_nvme_ssd_block_config": [],
                    "local_ssd_count": 0,
                    "logging_variant": "DEFAULT",
                    "machine_type": "e2-medium",
                    "metadata": {
                      "disable-legacy-endpoints": "true"
                    },
                    "min_cpu_platform": "",
                    "node_group": "",
                    "oauth_scopes": [
                      "https://www.googleapis.com/auth/devstorage.read_only",
                      "https://www.googleapis.com/auth/logging.write",
                      "https://www.googleapis.com/auth/monitoring",
                      "https://www.googleapis.com/auth/service.management.readonly",
                      "https://www.googleapis.com/auth/servicecontrol",
                      "https://www.googleapis.com/auth/trace.append"
                    ],
                    "preemptible": false,
                    "reservation_affinity": [],
                    "resource_labels": {
                      "goog-gke-node-pool-provisioning-model": "on-demand"
                    },
                    "service_account": "default",
                    "shielded_instance_config": [
                      {
                        "enable_integrity_monitoring": true,
                        "enable_secure_boot": false
                      }
                    ],
                    "sole_tenant_config": [],
                    "spot": false,
                    "tags": [],
                    "taint": [],
                    "workload_metadata_config": []
                  }
                ],
                "node_count": 1,
                "node_locations": [
                  "asia-southeast1-a",
                  "asia-southeast1-b",
                  "asia-southeast1-c"
                ],
                "placement_policy": [],
                "upgrade_settings": [
                  {
                    "blue_green_settings": [],
                    "max_surge": 1,
                    "max_unavailable": 0,
                    "strategy": "SURGE"
                  }
                ],
                "version": "1.33.5-gke.1308000"
              }
            ],
            "node_pool_defaults": [
              {
                "node_config_defaults": [
                  {
                    "logging_variant": "DEFAULT"
                  }
                ]
              }
            ],
            "node_version": "1.33.5-gke.1308000",
            "notification_config": [
              {
                "pubsub": [
                  {
                    "enabled": false,
                    "filter": [],
                    "topic": ""
                  }
                ]
              }
            ],
            "operation": null,
            "private_cluster_config": [
              {
                "enable_private_endpoint": false,
                "enable_private_nodes": false,
                "master_global_access_config": [
                  {
                    "enabled": false
                  }
                ],
                "master_ipv4_cidr_block": "",
                "peering_name": "",
                "private_endpoint": "10.148.0.7",
                "private_endpoint_subnetwork": "",
                "public_endpoint": "34.87.114.79"
              }
            ],
            "private_ipv6_google_access": "",
            "project": "ahsys-480510",
            "release_channel": [
              {
                "channel": "REGULAR"
              }
            ],
            "remove_default_node_pool": null,
            "resource_labels": null,
            "resource_usage_export_config": [],
            "security_posture_config": [
              {
                "mode": "BASIC",
                "vulnerability_mode": "VULNERABILITY_MODE_UNSPECIFIED"
              }
            ],
            "self_link": "https://container.googleapis.com/v1/projects/ahsys-480510/locations/asia-southeast1/clusters/ahsys-480510-gke",
            "service_external_ips_config": [
              {
                "enabled": false
              }
            ],
            "services_ipv4_cidr": "10.23.240.0/20",
            "subnetwork": "projects/ahsys-480510/regions/asia-southeast1/subnetworks/default",
            "timeouts": null,
            "tpu_ipv4_cidr_block": "",
            "vertical_pod_autoscaling": [],
            "workload_identity_config": []
          },
          "sensitive_attributes": [
            [
              {
                "type": "get_attr",
                "value": "master_auth"
              },
              {
                "type": "index",
                "value": {
                  "value": 0,
                  "type": "number"
                }
              },
              {
                "type": "get_attr",
                "value": "client_key"
              }
            ]
          ],
          "identity_schema_version": 0,
          "private": "eyJlMmJmYjczMC1lY2FhLTExZTYtOGY4OC0zNDM2M2JjN2M0YzAiOnsiY3JlYXRlIjoyNDAwMDAwMDAwMDAwLCJkZWxldGUiOjI0MDAwMDAwMDAwMDAsInJlYWQiOjI0MDAwMDAwMDAwMDAsInVwZGF0ZSI6MzYwMDAwMDAwMDAwMH0sInNjaGVtYV92ZXJzaW9uIjoiMSJ9"
        }
      ]
    }
  ],
  "check_results": null
}
