{
  "version": 4,
  "terraform_version": "1.14.3",
  "serial": 19,
  "lineage": "f9b7541a-eae0-29fb-9adb-65bb53cb5623",
  "outputs": {},
  "resources": [
    {
      "mode": "managed",
      "type": "google_container_cluster",
      "name": "my-gke",
      "provider": "provider[\"registry.terraform.io/hashicorp/google\"]",
      "instances": [
        {
          "schema_version": 1,
          "attributes": {
            "addons_config": [
              {
                "cloudrun_config": [],
                "config_connector_config": [],
                "dns_cache_config": [],
                "gce_persistent_disk_csi_driver_config": [
                  {
                    "enabled": true
                  }
                ],
                "gcp_filestore_csi_driver_config": [],
                "gcs_fuse_csi_driver_config": [],
                "gke_backup_agent_config": [],
                "horizontal_pod_autoscaling": [],
                "http_load_balancing": [],
                "network_policy_config": [
                  {
                    "disabled": true
                  }
                ]
              }
            ],
            "allow_net_admin": null,
            "authenticator_groups_config": [],
            "binary_authorization": [
              {
                "enabled": false,
                "evaluation_mode": ""
              }
            ],
            "cluster_autoscaling": [
              {
                "auto_provisioning_defaults": [],
                "enabled": false,
                "resource_limits": []
              }
            ],
            "cluster_ipv4_cidr": "10.20.0.0/14",
            "confidential_nodes": [],
            "cost_management_config": [],
            "database_encryption": [
              {
                "key_name": "",
                "state": "DECRYPTED"
              }
            ],
            "datapath_provider": "",
            "default_max_pods_per_node": null,
            "default_snat_status": [
              {
                "disabled": false
              }
            ],
            "description": "",
            "dns_config": [],
            "enable_autopilot": false,
            "enable_binary_authorization": false,
            "enable_intranode_visibility": false,
            "enable_k8s_beta_apis": [],
            "enable_kubernetes_alpha": false,
            "enable_l4_ilb_subsetting": false,
            "enable_legacy_abac": false,
            "enable_shielded_nodes": true,
            "enable_tpu": false,
            "endpoint": "34.87.9.219",
            "gateway_api_config": [],
            "id": "projects/ahsys-480510/locations/asia-southeast1/clusters/ahsys-480510-gke",
            "initial_node_count": 1,
            "ip_allocation_policy": [],
            "label_fingerprint": "a9dc16a7",
            "location": "asia-southeast1",
            "logging_config": [
              {
                "enable_components": [
                  "SYSTEM_COMPONENTS",
                  "WORKLOADS"
                ]
              }
            ],
            "logging_service": "logging.googleapis.com/kubernetes",
            "maintenance_policy": [],
            "master_auth": [
              {
                "client_certificate": "",
                "client_certificate_config": [
                  {
                    "issue_client_certificate": false
                  }
                ],
                "client_key": "",
                "cluster_ca_certificate": "LS0tLS1CRUdJTiBDRVJUSUZJQ0FURS0tLS0tCk1JSUVMVENDQXBXZ0F3SUJBZ0lSQU9id0Nnd20wNS9ZQzVUUVJ5ZEUwZVl3RFFZSktvWklodmNOQVFFTEJRQXcKTHpFdE1Dc0dBMVVFQXhNa05UVTFOakV5TnpZdE1UTXlPUzAwWWpObUxUaGlORGd0WkRKaVpUazBZVFU1T1dRdwpNQ0FYRFRJMk1ERXdOREV6TURZME4xb1lEekl3TlRVeE1qSTRNVFF3TmpRM1dqQXZNUzB3S3dZRFZRUURFeVExCk5UVTJNVEkzTmkweE16STVMVFJpTTJZdE9HSTBPQzFrTW1KbE9UUmhOVGs1WkRBd2dnR2lNQTBHQ1NxR1NJYjMKRFFFQkFRVUFBNElCandBd2dnR0tBb0lCZ1FDOFVFSVVTR3FRa1hrYlNCMm9zcTlwMGRDNmdTZXFKOXJaTkMwaQpOemY1dURzeitsNTVUMGJjcTdNbDZvcnN0YmhkN1YrbkxWSGN6OTgxRWMzQnpwV3JPZTZSemQxZzA5eUtwd01jCnBRYTFGSkpvT2k3b0lsYVdpeFBzWENsbjNsZ3dWaFI3SjVUK2N2b3c0cGJwK0ZOSFlJalg0ZThiK2FNMnBuTFMKbWZ3ZHBWQzY2Z1Vwb3BlZGhJVnhzOFRXa09aS1BGSjlkeXBSMm5VZ2xNb2VBL1hMd3hsYWh1TmpGL2FFNEVYVwo4RFNrU0tYc1RBKy9hcHdBQU4xOTVOd1lQSndIRjV5YUNYMFJwTHRVajN6M3hSeU1yZFBzVHVWWWpYdnJJRUE3ClFwUmxYQjcxMzE1aEdHRDBNUFlGZ2pUc1pNUTBLY1hqb2QxOHN3Mm8zVmVuMnhKYTUzdkM3TVcySVZjNEtLNG0KWHZHVzd6K2EzK0FkY2gvSG55dUZmQnVDZDFRN08vYmdmMUcreGJuRll6Y215ejN2LzZpM0RyazRyVEtjb3dTYgovZkdPSlhId04zenJ6UXdUL2o3QnZKMUIvQTBlMHllaGlkd0Jzc3ZZbVp4UTU2U2JORFpWSktBK0pUR00xY2xjCnNsY25yMGd2WjlUdXlQamFrVVNZeFNwMHF6Y0NBd0VBQWFOQ01FQXdEZ1lEVlIwUEFRSC9CQVFEQWdJRU1BOEcKQTFVZEV3RUIvd1FGTUFNQkFmOHdIUVlEVlIwT0JCWUVGTy82ZUhoOXFOY00yV2NhYmxCSTZxUGNkSEVSTUEwRwpDU3FHU0liM0RRRUJDd1VBQTRJQmdRQmpoOG9oYUdzVXE3ZlY0azJDSEZ3QVNTK1J5QW1mc29TdThIazM4aHFTCnM4aUxMendJclBvdUNFL2xKRklPUkl3WjR4TEt1Y2FxTFZSUWJ2RjNFbklnbmNDQU53SjRuVXg2bm9VckNWNHcKcnduMkJRYlNUcWsyQ2dBVWl4bDkxdFh0ZklEd2twcmJtUjV6UmxkOUh2UWFUdlRnUDF5czJnTGlPVjYxeDhtbApVTzY4Y1pQSHpsOC9YRDBiRE1PVlo3eHhXV3VEQUd6UkhMVlhwMmRHcUhqM3NuMUlVL25WRW4zaDgyUFpCMGp6CnRMSEI3am5BY0VzcnJGNmlFMTBJRm55NkJlZHVHemhqSU9CUGU4Zlg0SkJ6NWZSdTBjSFVOcWlUa0RKMXRYb1EKUGx0OXpRZHJ1SHdPVVFYbXlHVTNYbnd2V0xTREt3dE40cnBoNVFGM283a09LVHM0L1pwNlE4aVNUWUs2R0M3UwpPS00xTjdOellhM2hmKzh6MXp5RkdJaDJuMHhEcjErcHB4RXJsSDBCYkdxaVZZNzZOcHdQK202QzlFN0haZTFzCi9FYVhkMGZnUCtnWVE4Njk2QVd3dzZZNk9HNGpSaXVsVzlIV3c4T091TEozSkxyMUJ3b2pGZVFzeHNCZEM3bTYKRG1jeUVaMW1ScU05VWZPU2RSNUNrWVk9Ci0tLS0tRU5EIENFUlRJRklDQVRFLS0tLS0K"
              }
            ],
            "master_authorized_networks_config": [],
            "master_version": "1.33.5-gke.1308000",
            "mesh_certificates": [],
            "min_master_version": null,
            "monitoring_config": [
              {
                "advanced_datapath_observability_config": [
                  {
                    "enable_metrics": false,
                    "relay_mode": ""
                  }
                ],
                "enable_components": [
                  "SYSTEM_COMPONENTS",
                  "JOBSET",
                  "STORAGE",
                  "HPA",
                  "POD",
                  "DAEMONSET",
                  "DEPLOYMENT",
                  "STATEFULSET",
                  "KUBELET",
                  "CADVISOR",
                  "DCGM"
                ],
                "managed_prometheus": [
                  {
                    "enabled": true
                  }
                ]
              }
            ],
            "monitoring_service": "monitoring.googleapis.com/kubernetes",
            "name": "ahsys-480510-gke",
            "network": "projects/ahsys-480510/global/networks/default",
            "network_policy": [
              {
                "enabled": false,
                "provider": "PROVIDER_UNSPECIFIED"
              }
            ],
            "networking_mode": "ROUTES",
            "node_config": [
              {
                "advanced_machine_features": [],
                "boot_disk_kms_key": "",
                "disk_size_gb": 50,
                "disk_type": "pd-standard",
                "ephemeral_storage_local_ssd_config": [],
                "gcfs_config": [],
                "guest_accelerator": [],
                "gvnic": [],
                "host_maintenance_policy": [],
                "image_type": "COS_CONTAINERD",
                "kubelet_config": [
                  {
                    "cpu_cfs_quota": false,
                    "cpu_cfs_quota_period": "",
                    "cpu_manager_policy": "",
                    "pod_pids_limit": 0
                  }
                ],
                "labels": {},
                "linux_node_config": [],
                "local_nvme_ssd_block_config": [],
                "local_ssd_count": 0,
                "logging_variant": "DEFAULT",
                "machine_type": "e2-medium",
                "metadata": {
                  "disable-legacy-endpoints": "true"
                },
                "min_cpu_platform": "",
                "node_group": "",
                "oauth_scopes": [
                  "https://www.googleapis.com/auth/devstorage.read_only",
                  "https://www.googleapis.com/auth/logging.write",
                  "https://www.googleapis.com/auth/monitoring",
                  "https://www.googleapis.com/auth/service.management.readonly",
                  "https://www.googleapis.com/auth/servicecontrol",
                  "https://www.googleapis.com/auth/trace.append"
                ],
                "preemptible": false,
                "reservation_affinity": [],
                "resource_labels": {
                  "goog-gke-node-pool-provisioning-model": "on-demand"
                },
                "service_account": "default",
                "shielded_instance_config": [
                  {
                    "enable_integrity_monitoring": true,
                    "enable_secure_boot": false
                  }
                ],
                "sole_tenant_config": [],
                "spot": false,
                "tags": null,
                "taint": [],
                "workload_metadata_config": []
              }
            ],
            "node_locations": [
              "asia-southeast1-a",
              "asia-southeast1-b",
              "asia-southeast1-c"
            ],
            "node_pool": [
              {
                "autoscaling": [],
                "initial_node_count": 1,
                "instance_group_urls": [
                  "https://www.googleapis.com/compute/v1/projects/ahsys-480510/zones/asia-southeast1-b/instanceGroupManagers/gke-ahsys-480510-gke-default-pool-09f61e89-grp",
                  "https://www.googleapis.com/compute/v1/projects/ahsys-480510/zones/asia-southeast1-c/instanceGroupManagers/gke-ahsys-480510-gke-default-pool-7c2a3801-grp",
                  "https://www.googleapis.com/compute/v1/projects/ahsys-480510/zones/asia-southeast1-a/instanceGroupManagers/gke-ahsys-480510-gke-default-pool-21fbad06-grp"
                ],
                "managed_instance_group_urls": [
                  "https://www.googleapis.com/compute/v1/projects/ahsys-480510/zones/asia-southeast1-b/instanceGroups/gke-ahsys-480510-gke-default-pool-09f61e89-grp",
                  "https://www.googleapis.com/compute/v1/projects/ahsys-480510/zones/asia-southeast1-c/instanceGroups/gke-ahsys-480510-gke-default-pool-7c2a3801-grp",
                  "https://www.googleapis.com/compute/v1/projects/ahsys-480510/zones/asia-southeast1-a/instanceGroups/gke-ahsys-480510-gke-default-pool-21fbad06-grp"
                ],
                "management": [
                  {
                    "auto_repair": true,
                    "auto_upgrade": true
                  }
                ],
                "max_pods_per_node": 0,
                "name": "default-pool",
                "name_prefix": "",
                "network_config": [],
                "node_config": [
                  {
                    "advanced_machine_features": [],
                    "boot_disk_kms_key": "",
                    "disk_size_gb": 50,
                    "disk_type": "pd-standard",
                    "ephemeral_storage_local_ssd_config": [],
                    "gcfs_config": [],
                    "guest_accelerator": [],
                    "gvnic": [],
                    "host_maintenance_policy": [],
                    "image_type": "COS_CONTAINERD",
                    "kubelet_config": [
                      {
                        "cpu_cfs_quota": false,
                        "cpu_cfs_quota_period": "",
                        "cpu_manager_policy": "",
                        "pod_pids_limit": 0
                      }
                    ],
                    "labels": {},
                    "linux_node_config": [],
                    "local_nvme_ssd_block_config": [],
                    "local_ssd_count": 0,
                    "logging_variant": "DEFAULT",
                    "machine_type": "e2-medium",
                    "metadata": {
                      "disable-legacy-endpoints": "true"
                    },
                    "min_cpu_platform": "",
                    "node_group": "",
                    "oauth_scopes": [
                      "https://www.googleapis.com/auth/devstorage.read_only",
                      "https://www.googleapis.com/auth/logging.write",
                      "https://www.googleapis.com/auth/monitoring",
                      "https://www.googleapis.com/auth/service.management.readonly",
                      "https://www.googleapis.com/auth/servicecontrol",
                      "https://www.googleapis.com/auth/trace.append"
                    ],
                    "preemptible": false,
                    "reservation_affinity": [],
                    "resource_labels": {
                      "goog-gke-node-pool-provisioning-model": "on-demand"
                    },
                    "service_account": "default",
                    "shielded_instance_config": [
                      {
                        "enable_integrity_monitoring": true,
                        "enable_secure_boot": false
                      }
                    ],
                    "sole_tenant_config": [],
                    "spot": false,
                    "tags": [],
                    "taint": [],
                    "workload_metadata_config": []
                  }
                ],
                "node_count": 1,
                "node_locations": [
                  "asia-southeast1-a",
                  "asia-southeast1-b",
                  "asia-southeast1-c"
                ],
                "placement_policy": [],
                "upgrade_settings": [
                  {
                    "blue_green_settings": [],
                    "max_surge": 1,
                    "max_unavailable": 0,
                    "strategy": "SURGE"
                  }
                ],
                "version": "1.33.5-gke.1308000"
              }
            ],
            "node_pool_defaults": [
              {
                "node_config_defaults": [
                  {
                    "logging_variant": "DEFAULT"
                  }
                ]
              }
            ],
            "node_version": "1.33.5-gke.1308000",
            "notification_config": [
              {
                "pubsub": [
                  {
                    "enabled": false,
                    "filter": [],
                    "topic": ""
                  }
                ]
              }
            ],
            "operation": null,
            "private_cluster_config": [
              {
                "enable_private_endpoint": false,
                "enable_private_nodes": false,
                "master_global_access_config": [
                  {
                    "enabled": false
                  }
                ],
                "master_ipv4_cidr_block": "",
                "peering_name": "",
                "private_endpoint": "10.148.0.19",
                "private_endpoint_subnetwork": "",
                "public_endpoint": "34.87.9.219"
              }
            ],
            "private_ipv6_google_access": "",
            "project": "ahsys-480510",
            "release_channel": [
              {
                "channel": "REGULAR"
              }
            ],
            "remove_default_node_pool": null,
            "resource_labels": null,
            "resource_usage_export_config": [],
            "security_posture_config": [
              {
                "mode": "BASIC",
                "vulnerability_mode": "VULNERABILITY_MODE_UNSPECIFIED"
              }
            ],
            "self_link": "https://container.googleapis.com/v1/projects/ahsys-480510/locations/asia-southeast1/clusters/ahsys-480510-gke",
            "service_external_ips_config": [
              {
                "enabled": false
              }
            ],
            "services_ipv4_cidr": "10.23.240.0/20",
            "subnetwork": "projects/ahsys-480510/regions/asia-southeast1/subnetworks/default",
            "timeouts": null,
            "tpu_ipv4_cidr_block": "",
            "vertical_pod_autoscaling": [],
            "workload_identity_config": []
          },
          "sensitive_attributes": [
            [
              {
                "type": "get_attr",
                "value": "master_auth"
              },
              {
                "type": "index",
                "value": {
                  "value": 0,
                  "type": "number"
                }
              },
              {
                "type": "get_attr",
                "value": "client_key"
              }
            ]
          ],
          "identity_schema_version": 0,
          "private": "eyJlMmJmYjczMC1lY2FhLTExZTYtOGY4OC0zNDM2M2JjN2M0YzAiOnsiY3JlYXRlIjoyNDAwMDAwMDAwMDAwLCJkZWxldGUiOjI0MDAwMDAwMDAwMDAsInJlYWQiOjI0MDAwMDAwMDAwMDAsInVwZGF0ZSI6MzYwMDAwMDAwMDAwMH0sInNjaGVtYV92ZXJzaW9uIjoiMSJ9"
        }
      ]
    }
  ],
  "check_results": null
}
